<Solution>
  <Folder Name="/Task0/" />
  <Folder Name="/Task0/Task3/">
    <Project Path="Tyuiu.AndreevDE.Sprint0.Task3.V0.Lib/Tyuiu.AndreevDE.Sprint0.Task3.V0.Lib.csproj" Id="01f3ee0d-2835-4503-9ea9-83d591c5edcf" />
    <Project Path="Tyuiu.AndreevDE.Sprint0.Task3.V0.Test/Tyuiu.AndreevDE.Sprint0.Task3.V0.Test.csproj" Id="0855da6e-6b69-4f87-add9-91a1b684a2d8" />
    <Project Path="Tyuiu.AndreevDE.Sprint0.Task3.V0/Tyuiu.AndreevDE.Sprint0.Task3.V0.csproj" Id="4b62dc89-de5d-419b-9af5-c689605e8b43" />
  </Folder>
  <Folder Name="/Task0/Task4/">
    <Project Path="Tyuiu.AndreevDE.Sprint0.Task4.V0.Lib/Tyuiu.AndreevDE.Sprint0.Task4.V0.Lib.csproj" Id="c76860c7-d3b4-4d51-bc82-0d7218ac6c7a" />
    <Project Path="Tyuiu.AndreevDE.Sprint0.Task4.V0.Test/Tyuiu.AndreevDE.Sprint0.Task4.V0.Test.csproj" Id="f44e270b-2b7f-4dde-bcda-033fbf53bb08" />
    <Project Path="Tyuiu.AndreevDE.Sprint0.Task4.V0/Tyuiu.AndreevDE.Sprint0.Task4.V0.csproj" Id="6e5443b3-9efb-4f69-b11e-0dec797b0534" />
  </Folder>
  <Folder Name="/Task0/Task5/">
    <Project Path="Tyuiu.AndreevDE.Sprint0.Task5.V0.Lib/Tyuiu.AndreevDE.Sprint0.Task5.V0.Lib.csproj" Id="afea47b2-5be2-4419-973a-fa20c1d1fc25" />
    <Project Path="Tyuiu.AndreevDE.Sprint0.Task5.V0.Test/Tyuiu.AndreevDE.Sprint0.Task5.V0.Test.csproj" Id="b4596020-59a4-471e-9c2b-524c9fc995fe" />
    <Project Path="Tyuiu.AndreevDE.Sprint0.Task5.V0/Tyuiu.AndreevDE.Sprint0.Task5.V0.csproj" Id="dcf31d71-0069-4d51-9b1a-2220b393b5dc" />
  </Folder>
  <Folder Name="/Task1/">
    <Project Path="Tyuiu.AndreevDE.Sprint0.Task1.V0/Tyuiu.AndreevDE.Sprint0.Task1.V0.csproj" Id="3efd5ff9-88e3-4316-9547-2703059c0f3f" />
  </Folder>
  <Folder Name="/Task2/">
    <Project Path="Tyuiu.AndreevDE.Sprint0.Task2.V0.lib/Tyuiu.AndreevDE.Sprint0.Task2.V0.lib.csproj" Id="7dbc0a8b-9fe4-409a-a340-e4efff2af797" />
    <Project Path="Tyuiu.AndreevDE.Sprint0.Task2.V0.Test/Tyuiu.AndreevDE.Sprint0.Task2.V0.Test.csproj" Id="6d9e7f39-83b3-49ae-8e2e-0b596e4edd8b" />
    <Project Path="Tyuiu.AndreevDE.Sprint0.Task2.V0/Tyuiu.AndreevDE.Sprint0.Task2.V0.csproj" Id="e80f1407-1dbf-4121-a37e-a2f54c0b5766" />
  </Folder>
</Solution>
